// !$*UTF8*$!
{
	archiveVersion = 1;
	classes = {
	};
	objectVersion = 46;
	objects = {

/* Begin PBXBuildFile section */
		7F4DEC8150ECFEBE9FCCB196 /* Pods_junction.framework in Frameworks */ = {isa = PBXBuildFile; fileRef = 0C3FCABA4E009E1ECEF08486 /* Pods_junction.framework */; };
		9209BB831DE8AE0D00B43BB7 /* AppDelegate.swift in Sources */ = {isa = PBXBuildFile; fileRef = 9209BB821DE8AE0D00B43BB7 /* AppDelegate.swift */; };
		9209BB851DE8AE0D00B43BB7 /* ViewController.swift in Sources */ = {isa = PBXBuildFile; fileRef = 9209BB841DE8AE0D00B43BB7 /* ViewController.swift */; };
		9209BB881DE8AE0E00B43BB7 /* Main.storyboard in Resources */ = {isa = PBXBuildFile; fileRef = 9209BB861DE8AE0E00B43BB7 /* Main.storyboard */; };
		9209BB8A1DE8AE0E00B43BB7 /* Assets.xcassets in Resources */ = {isa = PBXBuildFile; fileRef = 9209BB891DE8AE0E00B43BB7 /* Assets.xcassets */; };
		9209BB8D1DE8AE0E00B43BB7 /* LaunchScreen.storyboard in Resources */ = {isa = PBXBuildFile; fileRef = 9209BB8B1DE8AE0E00B43BB7 /* LaunchScreen.storyboard */; };
/* End PBXBuildFile section */

/* Begin PBXFileReference section */
		0C3FCABA4E009E1ECEF08486 /* Pods_junction.framework */ = {isa = PBXFileReference; explicitFileType = wrapper.framework; includeInIndex = 0; path = Pods_junction.framework; sourceTree = BUILT_PRODUCTS_DIR; };
		35D835DD5EB6837931ABBCFF /* Pods-junction.release.xcconfig */ = {isa = PBXFileReference; includeInIndex = 1; lastKnownFileType = text.xcconfig; name = "Pods-junction.release.xcconfig"; path = "Pods/Target Support Files/Pods-junction/Pods-junction.release.xcconfig"; sourceTree = "<group>"; };
		9209BB7F1DE8AE0D00B43BB7 /* junction.app */ = {isa = PBXFileReference; explicitFileType = wrapper.application; includeInIndex = 0; path = junction.app; sourceTree = BUILT_PRODUCTS_DIR; };
		9209BB821DE8AE0D00B43BB7 /* AppDelegate.swift */ = {isa = PBXFileReference; lastKnownFileType = sourcecode.swift; path = AppDelegate.swift; sourceTree = "<group>"; };
		9209BB841DE8AE0D00B43BB7 /* ViewController.swift */ = {isa = PBXFileReference; lastKnownFileType = sourcecode.swift; path = ViewController.swift; sourceTree = "<group>"; };
		9209BB871DE8AE0E00B43BB7 /* Base */ = {isa = PBXFileReference; lastKnownFileType = file.storyboard; name = Base; path = Base.lproj/Main.storyboard; sourceTree = "<group>"; };
		9209BB891DE8AE0E00B43BB7 /* Assets.xcassets */ = {isa = PBXFileReference; lastKnownFileType = folder.assetcatalog; path = Assets.xcassets; sourceTree = "<group>"; };
		9209BB8C1DE8AE0E00B43BB7 /* Base */ = {isa = PBXFileReference; lastKnownFileType = file.storyboard; name = Base; path = Base.lproj/LaunchScreen.storyboard; sourceTree = "<group>"; };
		9209BB8E1DE8AE0E00B43BB7 /* Info.plist */ = {isa = PBXFileReference; lastKnownFileType = text.plist.xml; path = Info.plist; sourceTree = "<group>"; };
		E444D0CCDE5E6420DE17EF10 /* Pods-junction.debug.xcconfig */ = {isa = PBXFileReference; includeInIndex = 1; lastKnownFileType = text.xcconfig; name = "Pods-junction.debug.xcconfig"; path = "Pods/Target Support Files/Pods-junction/Pods-junction.debug.xcconfig"; sourceTree = "<group>"; };
/* End PBXFileReference section */

/* Begin PBXFrameworksBuildPhase section */
		9209BB7C1DE8AE0D00B43BB7 /* Frameworks */ = {
			isa = PBXFrameworksBuildPhase;
			buildActionMask = 2147483647;
			files = (
				7F4DEC8150ECFEBE9FCCB196 /* Pods_junction.framework in Frameworks */,
			);
			runOnlyForDeploymentPostprocessing = 0;
		};
/* End PBXFrameworksBuildPhase section */

/* Begin PBXGroup section */
		287784CA9B2BEFC791183A3E /* Pods */ = {
			isa = PBXGroup;
			children = (
				E444D0CCDE5E6420DE17EF10 /* Pods-junction.debug.xcconfig */,
				35D835DD5EB6837931ABBCFF /* Pods-junction.release.xcconfig */,
			);
			name = Pods;
			sourceTree = "<group>";
		};
		9209BB761DE8AE0D00B43BB7 = {
			isa = PBXGroup;
			children = (
				9209BB811DE8AE0D00B43BB7 /* junction */,
				9209BB801DE8AE0D00B43BB7 /* Products */,
				287784CA9B2BEFC791183A3E /* Pods */,
				ACDE5D0D626AC13D624344E1 /* Frameworks */,
			);
			sourceTree = "<group>";
		};
		9209BB801DE8AE0D00B43BB7 /* Products */ = {
			isa = PBXGroup;
			children = (
				9209BB7F1DE8AE0D00B43BB7 /* junction.app */,
			);
			name = Products;
			sourceTree = "<group>";
		};
		9209BB811DE8AE0D00B43BB7 /* junction */ = {
			isa = PBXGroup;
			children = (
				9209BB821DE8AE0D00B43BB7 /* AppDelegate.swift */,
				9209BB841DE8AE0D00B43BB7 /* ViewController.swift */,
				9209BB861DE8AE0E00B43BB7 /* Main.storyboard */,
				9209BB891DE8AE0E00B43BB7 /* Assets.xcassets */,
				9209BB8B1DE8AE0E00B43BB7 /* LaunchScreen.storyboard */,
				9209BB8E1DE8AE0E00B43BB7 /* Info.plist */,
			);
			path = junction;
			sourceTree = "<group>";
		};
		ACDE5D0D626AC13D624344E1 /* Frameworks */ = {
			isa = PBXGroup;
			children = (
				0C3FCABA4E009E1ECEF08486 /* Pods_junction.framework */,
			);
			name = Frameworks;
			sourceTree = "<group>";
		};
/* End PBXGroup section */

/* Begin PBXNativeTarget section */
		9209BB7E1DE8AE0D00B43BB7 /* junction */ = {
			isa = PBXNativeTarget;
			buildConfigurationList = 9209BB911DE8AE0E00B43BB7 /* Build configuration list for PBXNativeTarget "junction" */;
			buildPhases = (
				136C4FD1AA39D520F95EE77A /* [CP] Check Pods Manifest.lock */,
				9209BB7B1DE8AE0D00B43BB7 /* Sources */,
				9209BB7C1DE8AE0D00B43BB7 /* Frameworks */,
				9209BB7D1DE8AE0D00B43BB7 /* Resources */,
				40096AC4E7FE81BCB3A4C2E6 /* [CP] Embed Pods Frameworks */,
				76E001A69E11DE4B806271B4 /* [CP] Copy Pods Resources */,
			);
			buildRules = (
			);
			dependencies = (
			);
			name = junction;
			productName = junction;
			productReference = 9209BB7F1DE8AE0D00B43BB7 /* junction.app */;
			productType = "com.apple.product-type.application";
		};
/* End PBXNativeTarget section */

/* Begin PBXProject section */
		9209BB771DE8AE0D00B43BB7 /* Project object */ = {
			isa = PBXProject;
			attributes = {
				LastSwiftUpdateCheck = 0810;
				LastUpgradeCheck = 0810;
				ORGANIZATIONNAME = gatornation;
				TargetAttributes = {
					9209BB7E1DE8AE0D00B43BB7 = {
						CreatedOnToolsVersion = 8.1;
						ProvisioningStyle = Automatic;
						SystemCapabilities = {
							com.apple.BackgroundModes = {
								enabled = 1;
							};
						};
					};
				};
			};
			buildConfigurationList = 9209BB7A1DE8AE0D00B43BB7 /* Build configuration list for PBXProject "junction" */;
			compatibilityVersion = "Xcode 3.2";
			developmentRegion = English;
			hasScannedForEncodings = 0;
			knownRegions = (
				en,
				Base,
			);
			mainGroup = 9209BB761DE8AE0D00B43BB7;
			productRefGroup = 9209BB801DE8AE0D00B43BB7 /* Products */;
			projectDirPath = "";
			projectRoot = "";
			targets = (
				9209BB7E1DE8AE0D00B43BB7 /* junction */,
			);
		};
/* End PBXProject section */

/* Begin PBXResourcesBuildPhase section */
		9209BB7D1DE8AE0D00B43BB7 /* Resources */ = {
			isa = PBXResourcesBuildPhase;
			buildActionMask = 2147483647;
			files = (
				9209BB8D1DE8AE0E00B43BB7 /* LaunchScreen.storyboard in Resources */,
				9209BB8A1DE8AE0E00B43BB7 /* Assets.xcassets in Resources */,
				9209BB881DE8AE0E00B43BB7 /* Main.storyboard in Resources */,
			);
			runOnlyForDeploymentPostprocessing = 0;
		};
/* End PBXResourcesBuildPhase section */

/* Begin PBXShellScriptBuildPhase section */
		136C4FD1AA39D520F95EE77A /* [CP] Check Pods Manifest.lock */ = {
			isa = PBXShellScriptBuildPhase;
			buildActionMask = 2147483647;
			files = (
			);
			inputPaths = (
			);
			name = "[CP] Check Pods Manifest.lock";
			outputPaths = (
			);
			runOnlyForDeploymentPostprocessing = 0;
			shellPath = /bin/sh;
			shellScript = "diff \"${PODS_ROOT}/../Podfile.lock\" \"${PODS_ROOT}/Manifest.lock\" > /dev/null\nif [ $? != 0 ] ; then\n    # print error to STDERR\n    echo \"error: The sandbox is not in sync with the Podfile.lock. Run 'pod install' or update your CocoaPods installation.\" >&2\n    exit 1\nfi\n";
			showEnvVarsInLog = 0;
		};
		40096AC4E7FE81BCB3A4C2E6 /* [CP] Embed Pods Frameworks */ = {
			isa = PBXShellScriptBuildPhase;
			buildActionMask = 2147483647;
			files = (
			);
			inputPaths = (
			);
			name = "[CP] Embed Pods Frameworks";
			outputPaths = (
			);
			runOnlyForDeploymentPostprocessing = 0;
			shellPath = /bin/sh;
			shellScript = "\"${SRCROOT}/Pods/Target Support Files/Pods-junction/Pods-junction-frameworks.sh\"\n";
			showEnvVarsInLog = 0;
		};
		76E001A69E11DE4B806271B4 /* [CP] Copy Pods Resources */ = {
			isa = PBXShellScriptBuildPhase;
			buildActionMask = 2147483647;
			files = (
			);
			inputPaths = (
			);
			name = "[CP] Copy Pods Resources";
			outputPaths = (
			);
			runOnlyForDeploymentPostprocessing = 0;
			shellPath = /bin/sh;
			shellScript = "\"${SRCROOT}/Pods/Target Support Files/Pods-junction/Pods-junction-resources.sh\"\n";
			showEnvVarsInLog = 0;
		};
/* End PBXShellScriptBuildPhase section */

/* Begin PBXSourcesBuildPhase section */
		9209BB7B1DE8AE0D00B43BB7 /* Sources */ = {
			isa = PBXSourcesBuildPhase;
			buildActionMask = 2147483647;
			files = (
				9209BB851DE8AE0D00B43BB7 /* ViewController.swift in Sources */,
				9209BB831DE8AE0D00B43BB7 /* AppDelegate.swift in Sources */,
			);
			runOnlyForDeploymentPostprocessing = 0;
		};
/* End PBXSourcesBuildPhase section */

/* Begin PBXVariantGroup section */
		9209BB861DE8AE0E00B43BB7 /* Main.storyboard */ = {
			isa = PBXVariantGroup;
			children = (
				9209BB871DE8AE0E00B43BB7 /* Base */,
			);
			name = Main.storyboard;
			sourceTree = "<group>";
		};
		9209BB8B1DE8AE0E00B43BB7 /* LaunchScreen.storyboard */ = {
			isa = PBXVariantGroup;
			children = (
				9209BB8C1DE8AE0E00B43BB7 /* Base */,
			);
			name = LaunchScreen.storyboard;
			sourceTree = "<group>";
		};
/* End PBXVariantGroup section */

/* Begin XCBuildConfiguration section */
		9209BB8F1DE8AE0E00B43BB7 /* Debug */ = {
			isa = XCBuildConfiguration;
			buildSettings = {
				ALWAYS_SEARCH_USER_PATHS = NO;
				CLANG_ANALYZER_NONNULL = YES;
				CLANG_CXX_LANGUAGE_STANDARD = "gnu++0x";
				CLANG_CXX_LIBRARY = "libc++";
				CLANG_ENABLE_MODULES = YES;
				CLANG_ENABLE_OBJC_ARC = YES;
				CLANG_WARN_BOOL_CONVERSION = YES;
				CLANG_WARN_CONSTANT_CONVERSION = YES;
				CLANG_WARN_DIRECT_OBJC_ISA_USAGE = YES_ERROR;
				CLANG_WARN_DOCUMENTATION_COMMENTS = YES;
				CLANG_WARN_EMPTY_BODY = YES;
				CLANG_WARN_ENUM_CONVERSION = YES;
				CLANG_WARN_INFINITE_RECURSION = YES;
				CLANG_WARN_INT_CONVERSION = YES;
				CLANG_WARN_OBJC_ROOT_CLASS = YES_ERROR;
				CLANG_WARN_SUSPICIOUS_MOVES = YES;
				CLANG_WARN_UNREACHABLE_CODE = YES;
				CLANG_WARN__DUPLICATE_METHOD_MATCH = YES;
				"CODE_SIGN_IDENTITY[sdk=iphoneos*]" = "iPhone Developer";
				COPY_PHASE_STRIP = NO;
				DEBUG_INFORMATION_FORMAT = dwarf;
				ENABLE_STRICT_OBJC_MSGSEND = YES;
				ENABLE_TESTABILITY = YES;
				GCC_C_LANGUAGE_STANDARD = gnu99;
				GCC_DYNAMIC_NO_PIC = NO;
				GCC_NO_COMMON_BLOCKS = YES;
				GCC_OPTIMIZATION_LEVEL = 0;
				GCC_PREPROCESSOR_DEFINITIONS = (
					"DEBUG=1",
					"$(inherited)",
				);
				GCC_WARN_64_TO_32_BIT_CONVERSION = YES;
				GCC_WARN_ABOUT_RETURN_TYPE = YES_ERROR;
				GCC_WARN_UNDECLARED_SELECTOR = YES;
				GCC_WARN_UNINITIALIZED_AUTOS = YES_AGGRESSIVE;
				GCC_WARN_UNUSED_FUNCTION = YES;
				GCC_WARN_UNUSED_VARIABLE = YES;
				IPHONEOS_DEPLOYMENT_TARGET = 10.1;
				MTL_ENABLE_DEBUG_INFO = YES;
				ONLY_ACTIVE_ARCH = YES;
				SDKROOT = iphoneos;
				SWIFT_ACTIVE_COMPILATION_CONDITIONS = DEBUG;
				SWIFT_OPTIMIZATION_LEVEL = "-Onone";
			};
			name = Debug;
		};
		9209BB901DE8AE0E00B43BB7 /* Release */ = {
			isa = XCBuildConfiguration;
			buildSettings = {
				ALWAYS_SEARCH_USER_PATHS = NO;
				CLANG_ANALYZER_NONNULL = YES;
				CLANG_CXX_LANGUAGE_STANDARD = "gnu++0x";
				CLANG_CXX_LIBRARY = "libc++";
				CLANG_ENABLE_MODULES = YES;
				CLANG_ENABLE_OBJC_ARC = YES;
				CLANG_WARN_BOOL_CONVERSION = YES;
				CLANG_WARN_CONSTANT_CONVERSION = YES;
				CLANG_WARN_DIRECT_OBJC_ISA_USAGE = YES_ERROR;
				CLANG_WARN_DOCUMENTATION_COMMENTS = YES;
				CLANG_WARN_EMPTY_BODY = YES;
				CLANG_WARN_ENUM_CONVERSION = YES;
				CLANG_WARN_INFINITE_RECURSION = YES;
				CLANG_WARN_INT_CONVERSION = YES;
				CLANG_WARN_OBJC_ROOT_CLASS = YES_ERROR;
				CLANG_WARN_SUSPICIOUS_MOVES = YES;
				CLANG_WARN_UNREACHABLE_CODE = YES;
				CLANG_WARN__DUPLICATE_METHOD_MATCH = YES;
				"CODE_SIGN_IDENTITY[sdk=iphoneos*]" = "iPhone Developer";
				COPY_PHASE_STRIP = NO;
				DEBUG_INFORMATION_FORMAT = "dwarf-with-dsym";
				ENABLE_NS_ASSERTIONS = NO;
				ENABLE_STRICT_OBJC_MSGSEND = YES;
				GCC_C_LANGUAGE_STANDARD = gnu99;
				GCC_NO_COMMON_BLOCKS = YES;
				GCC_WARN_64_TO_32_BIT_CONVERSION = YES;
				GCC_WARN_ABOUT_RETURN_TYPE = YES_ERROR;
				GCC_WARN_UNDECLARED_SELECTOR = YES;
				GCC_WARN_UNINITIALIZED_AUTOS = YES_AGGRESSIVE;
				GCC_WARN_UNUSED_FUNCTION = YES;
				GCC_WARN_UNUSED_VARIABLE = YES;
				IPHONEOS_DEPLOYMENT_TARGET = 10.1;
				MTL_ENABLE_DEBUG_INFO = NO;
				SDKROOT = iphoneos;
				SWIFT_OPTIMIZATION_LEVEL = "-Owholemodule";
				VALIDATE_PRODUCT = YES;
			};
			name = Release;
		};
		9209BB921DE8AE0E00B43BB7 /* Debug */ = {
			isa = XCBuildConfiguration;
			baseConfigurationReference = E444D0CCDE5E6420DE17EF10 /* Pods-junction.debug.xcconfig */;
			buildSettings = {
				ASSETCATALOG_COMPILER_APPICON_NAME = AppIcon;
				ENABLE_BITCODE = NO;
				INFOPLIST_FILE = junction/Info.plist;
				IPHONEOS_DEPLOYMENT_TARGET = 8.1;
				LD_RUNPATH_SEARCH_PATHS = "$(inherited) @executable_path/Frameworks";
				PRODUCT_BUNDLE_IDENTIFIER = io.github.tguar.junction;
				PRODUCT_NAME = "$(TARGET_NAME)";
				SWIFT_VERSION = 3.0;
			};
			name = Debug;
		};
		9209BB931DE8AE0E00B43BB7 /* Release */ = {
			isa = XCBuildConfiguration;
			baseConfigurationReference = 35D835DD5EB6837931ABBCFF /* Pods-junction.release.xcconfig */;
			buildSettings = {
				ASSETCATALOG_COMPILER_APPICON_NAME = AppIcon;
				ENABLE_BITCODE = NO;
				INFOPLIST_FILE = junction/Info.plist;
				IPHONEOS_DEPLOYMENT_TARGET = 8.1;
				LD_RUNPATH_SEARCH_PATHS = "$(inherited) @executable_path/Frameworks";
				PRODUCT_BUNDLE_IDENTIFIER = io.github.tguar.junction;
				PRODUCT_NAME = "$(TARGET_NAME)";
				SWIFT_VERSION = 3.0;
			};
			name = Release;
		};
/* End XCBuildConfiguration section */

/* Begin XCConfigurationList section */
		9209BB7A1DE8AE0D00B43BB7 /* Build configuration list for PBXProject "junction" */ = {
			isa = XCConfigurationList;
			buildConfigurations = (
				9209BB8F1DE8AE0E00B43BB7 /* Debug */,
				9209BB901DE8AE0E00B43BB7 /* Release */,
			);
			defaultConfigurationIsVisible = 0;
			defaultConfigurationName = Release;
		};
		9209BB911DE8AE0E00B43BB7 /* Build configuration list for PBXNativeTarget "junction" */ = {
			isa = XCConfigurationList;
			buildConfigurations = (
				9209BB921DE8AE0E00B43BB7 /* Debug */,
				9209BB931DE8AE0E00B43BB7 /* Release */,
			);
			defaultConfigurationIsVisible = 0;
			defaultConfigurationName = Release;
		};
/* End XCConfigurationList section */
	};
	rootObject = 9209BB771DE8AE0D00B43BB7 /* Project object */;
}
